{
  "name": "data-answer",
  "version": "0.1.0",
  "lockfileVersion": 1,
  "requires": true,
  "dependencies": {
    "@babel/helper-module-imports": {
      "version": "7.0.0-beta.38",
      "resolved": "https://registry.npmjs.org/@babel/helper-module-imports/-/helper-module-imports-7.0.0-beta.38.tgz",
      "integrity": "sha512-A/KUU0SC25pgI7k0K4habJqOYu9sp0UsMz3lRl26cIWhaLb5e9QRfCn1nmPnkBgCjc6IZl7pOxu4511Qfo/YxQ==",
      "dev": true,
      "requires": {
        "@babel/types": "7.0.0-beta.38",
        "lodash": "4.17.4"
      }
    },
    "@babel/types": {
      "version": "7.0.0-beta.38",
      "resolved": "https://registry.npmjs.org/@babel/types/-/types-7.0.0-beta.38.tgz",
      "integrity": "sha512-SAtyEjmA7KiEoL2eAOAUM6M9arQJGWxJKK0S9x0WyPOosHS420RXoxPhn57u/8orRnK8Kxm0nHQQNTX203cP1Q==",
      "dev": true,
      "requires": {
        "esutils": "2.0.2",
        "lodash": "4.17.4",
        "to-fast-properties": "2.0.0"
      }
    },
    "babel-plugin-import": {
      "version": "1.6.3",
      "resolved": "https://registry.npmjs.org/babel-plugin-import/-/babel-plugin-import-1.6.3.tgz",
      "integrity": "sha512-xnmyDxFLOExGpbmSjBnBFXQbviFgLTc19t0AXlAjNM6s8dan55CTLMe4LXMBaL08X4ITX9rBsohb47WmpelezA==",
      "dev": true,
      "requires": {
        "@babel/helper-module-imports": "7.0.0-beta.38"
      }
    },
    "cross-spawn": {
      "version": "5.1.0",
      "resolved": "https://registry.npmjs.org/cross-spawn/-/cross-spawn-5.1.0.tgz",
      "integrity": "sha1-6L0O/uWPz/b4+UUQoKVUu/ojVEk=",
      "dev": true,
      "requires": {
        "lru-cache": "4.1.1",
        "shebang-command": "1.2.0",
        "which": "1.3.0"
      }
    },
    "dotenv": {
      "version": "4.0.0",
      "resolved": "https://registry.npmjs.org/dotenv/-/dotenv-4.0.0.tgz",
      "integrity": "sha1-hk7xN5rO1Vzm+V3r7NzhefegzR0=",
      "dev": true
    },
    "esutils": {
      "version": "2.0.2",
      "resolved": "https://registry.npmjs.org/esutils/-/esutils-2.0.2.tgz",
      "integrity": "sha1-Cr9PHKpbyx96nYrMbepPqqBLrJs=",
      "dev": true
    },
    "isexe": {
      "version": "2.0.0",
      "resolved": "https://registry.npmjs.org/isexe/-/isexe-2.0.0.tgz",
      "integrity": "sha1-6PvzdNxVb/iUehDcsFctYz8s+hA=",
      "dev": true
    },
    "lodash": {
      "version": "4.17.4",
      "resolved": "https://registry.npmjs.org/lodash/-/lodash-4.17.4.tgz",
      "integrity": "sha1-eCA6TRwyiuHYbcpkYONptX9AVa4=",
      "dev": true
    },
    "lru-cache": {
      "version": "4.1.1",
      "resolved": "https://registry.npmjs.org/lru-cache/-/lru-cache-4.1.1.tgz",
      "integrity": "sha512-q4spe4KTfsAS1SUHLO0wz8Qiyf1+vMIAgpRYioFYDMNqKfHQbg+AVDH3i4fvpl71/P1L0dBl+fQi+P37UYf0ew==",
      "dev": true,
      "requires": {
        "pseudomap": "1.0.2",
        "yallist": "2.1.2"
      }
    },
    "pseudomap": {
      "version": "1.0.2",
      "resolved": "https://registry.npmjs.org/pseudomap/-/pseudomap-1.0.2.tgz",
      "integrity": "sha1-8FKijacOYYkX7wqKw0wa5aaChrM=",
      "dev": true
    },
    "react-app-rewired": {
      "version": "1.4.0",
      "resolved": "https://registry.npmjs.org/react-app-rewired/-/react-app-rewired-1.4.0.tgz",
      "integrity": "sha512-rVRixwdfQoQlRNvz66cWc35r4Kyi+QIYZLR+mJEZkRiXUIwzWhvdtF7PTONPqyg0wE8xd6jLxUlgGgqnXCVG5g==",
      "dev": true,
      "requires": {
        "cross-spawn": "5.1.0",
        "dotenv": "4.0.0"
      }
    },
    "shebang-command": {
      "version": "1.2.0",
      "resolved": "https://registry.npmjs.org/shebang-command/-/shebang-command-1.2.0.tgz",
      "integrity": "sha1-RKrGW2lbAzmJaMOfNj/uXer98eo=",
      "dev": true,
      "requires": {
        "shebang-regex": "1.0.0"
      }
    },
    "shebang-regex": {
      "version": "1.0.0",
      "resolved": "https://registry.npmjs.org/shebang-regex/-/shebang-regex-1.0.0.tgz",
      "integrity": "sha1-2kL0l0DAtC2yypcoVxyxkMmO/qM=",
      "dev": true
    },
    "to-fast-properties": {
      "version": "2.0.0",
      "resolved": "https://registry.npmjs.org/to-fast-properties/-/to-fast-properties-2.0.0.tgz",
      "integrity": "sha1-3F5pjL0HkmW8c+A3doGk5Og/YW4=",
      "dev": true
    },
    "which": {
      "version": "1.3.0",
      "resolved": "https://registry.npmjs.org/which/-/which-1.3.0.tgz",
      "integrity": "sha512-xcJpopdamTuY5duC/KnTTNBraPK54YwpenP4lzxU8H91GudWpFv38u0CKjclE1Wi2EH2EDz5LRcHcKbCIzqGyg==",
      "dev": true,
      "requires": {
        "isexe": "2.0.0"
      }
    },
    "yallist": {
      "version": "2.1.2",
      "resolved": "https://registry.npmjs.org/yallist/-/yallist-2.1.2.tgz",
      "integrity": "sha1-HBH5IY8HYImkfdUS+TxmmaaoHVI=",
      "dev": true
    }
  }
}
